<?xml version="1.0" encoding="utf-8"?>
<Project ToolsVersion="4.0" xmlns="http://schemas.microsoft.com/developer/msbuild/2003">
  <ItemGroup>
    <ClCompile Include="main.cpp" />
  </ItemGroup>
  <ItemGroup>
    <None Include="main.def" />
  </ItemGroup>
  <ItemGroup>
    <ClInclude Include="addin.hpp" />
    <ClInclude Include="exin.hpp" />
    <ClInclude Include="hive.hpp" />
    <ClInclude Include="utils.hpp" />
    <ClInclude Include="create_combobox.hpp" />
    <ClInclude Include="set_current_object.hpp" />
    <ClInclude Include="animation_effect_manager.hpp" />
    <ClInclude Include="combobox.hpp" />
  </ItemGroup>
</Project>